
Microsoft Visual Studio Solution File, Format Version 12.00
# Visual Studio Version 17
VisualStudioVersion = 17.5.33530.505
MinimumVisualStudioVersion = 10.0.40219.1
Project("{8BC9CEB8-8B4A-11D0-8D11-00A0C91BC942}") = "ListNode", "ListNode\ListNode.vcxproj", "{56F15D2A-D77F-4928-9F80-FA740D7B6429}"
EndProject
Global
	GlobalSection(SolutionConfigurationPlatforms) = preSolution
		Debug|x64 = Debug|x64
		Debug|x86 = Debug|x86
		Release|x64 = Release|x64
		Release|x86 = Release|x86
	EndGlobalSection
	GlobalSection(ProjectConfigurationPlatforms) = postSolution
		{56F15D2A-D77F-4928-9F80-FA740D7B6429}.Debug|x64.ActiveCfg = Debug|x64
		{56F15D2A-D77F-4928-9F80-FA740D7B6429}.Debug|x64.Build.0 = Debug|x64
		{56F15D2A-D77F-4928-9F80-FA740D7B6429}.Debug|x86.ActiveCfg = Debug|Win32
		{56F15D2A-D77F-4928-9F80-FA740D7B6429}.Debug|x86.Build.0 = Debug|Win32
		{56F15D2A-D77F-4928-9F80-FA740D7B6429}.Release|x64.ActiveCfg = Release|x64
		{56F15D2A-D77F-4928-9F80-FA740D7B6429}.Release|x64.Build.0 = Release|x64
		{56F15D2A-D77F-4928-9F80-FA740D7B6429}.Release|x86.ActiveCfg = Release|Win32
		{56F15D2A-D77F-4928-9F80-FA740D7B6429}.Release|x86.Build.0 = Release|Win32
	EndGlobalSection
	GlobalSection(SolutionProperties) = preSolution
		HideSolutionNode = FALSE
	EndGlobalSection
	GlobalSection(ExtensibilityGlobals) = postSolution
		SolutionGuid = {57109E42-F7FF-407E-8B6C-70C3EF2E07B8}
	EndGlobalSection
EndGlobal
